// !$*UTF8*$!
{
	archiveVersion = 1;
	classes = {
	};
	objectVersion = 56;
	objects = {

/* Begin PBXBuildFile section */
		CE9562912B6AA01200A5FD25 /* AppDelegate.swift in Sources */ = {isa = PBXBuildFile; fileRef = CE9562902B6AA01200A5FD25 /* AppDelegate.swift */; };
		CE9562932B6AA01200A5FD25 /* SceneDelegate.swift in Sources */ = {isa = PBXBuildFile; fileRef = CE9562922B6AA01200A5FD25 /* SceneDelegate.swift */; };
		CE9562952B6AA01200A5FD25 /* ViewController.swift in Sources */ = {isa = PBXBuildFile; fileRef = CE9562942B6AA01200A5FD25 /* ViewController.swift */; };
		CE95629A2B6AA01300A5FD25 /* Assets.xcassets in Resources */ = {isa = PBXBuildFile; fileRef = CE9562992B6AA01300A5FD25 /* Assets.xcassets */; };
		CE95629D2B6AA01300A5FD25 /* LaunchScreen.storyboard in Resources */ = {isa = PBXBuildFile; fileRef = CE95629B2B6AA01300A5FD25 /* LaunchScreen.storyboard */; };
		CE9562A92B6AA42400A5FD25 /* SnapKit in Frameworks */ = {isa = PBXBuildFile; productRef = CE9562A82B6AA42400A5FD25 /* SnapKit */; };
		CE9562AC2B6AA93300A5FD25 /* MakerView.swift in Sources */ = {isa = PBXBuildFile; fileRef = CE9562AB2B6AA93300A5FD25 /* MakerView.swift */; };
		CE9562AF2B6AB06000A5FD25 /* CustomCollectionViewCell.swift in Sources */ = {isa = PBXBuildFile; fileRef = CE9562AE2B6AB06000A5FD25 /* CustomCollectionViewCell.swift */; };
		CE9562B22B6ABA3C00A5FD25 /* Simple.swift in Sources */ = {isa = PBXBuildFile; fileRef = CE9562B12B6ABA3C00A5FD25 /* Simple.swift */; };
		CE9562B42B6ACC1F00A5FD25 /* SecondViewController.swift in Sources */ = {isa = PBXBuildFile; fileRef = CE9562B32B6ACC1F00A5FD25 /* SecondViewController.swift */; };
/* End PBXBuildFile section */

/* Begin PBXFileReference section */
		CE95628D2B6AA01200A5FD25 /* HW4.6UICollectionView.app */ = {isa = PBXFileReference; explicitFileType = wrapper.application; includeInIndex = 0; path = HW4.6UICollectionView.app; sourceTree = BUILT_PRODUCTS_DIR; };
		CE9562902B6AA01200A5FD25 /* AppDelegate.swift */ = {isa = PBXFileReference; lastKnownFileType = sourcecode.swift; path = AppDelegate.swift; sourceTree = "<group>"; };
		CE9562922B6AA01200A5FD25 /* SceneDelegate.swift */ = {isa = PBXFileReference; lastKnownFileType = sourcecode.swift; path = SceneDelegate.swift; sourceTree = "<group>"; };
		CE9562942B6AA01200A5FD25 /* ViewController.swift */ = {isa = PBXFileReference; lastKnownFileType = sourcecode.swift; path = ViewController.swift; sourceTree = "<group>"; };
		CE9562992B6AA01300A5FD25 /* Assets.xcassets */ = {isa = PBXFileReference; lastKnownFileType = folder.assetcatalog; path = Assets.xcassets; sourceTree = "<group>"; };
		CE95629C2B6AA01300A5FD25 /* Base */ = {isa = PBXFileReference; lastKnownFileType = file.storyboard; name = Base; path = Base.lproj/LaunchScreen.storyboard; sourceTree = "<group>"; };
		CE95629E2B6AA01300A5FD25 /* Info.plist */ = {isa = PBXFileReference; lastKnownFileType = text.plist.xml; path = Info.plist; sourceTree = "<group>"; };
		CE9562AB2B6AA93300A5FD25 /* MakerView.swift */ = {isa = PBXFileReference; lastKnownFileType = sourcecode.swift; path = MakerView.swift; sourceTree = "<group>"; };
		CE9562AE2B6AB06000A5FD25 /* CustomCollectionViewCell.swift */ = {isa = PBXFileReference; lastKnownFileType = sourcecode.swift; path = CustomCollectionViewCell.swift; sourceTree = "<group>"; };
		CE9562B12B6ABA3C00A5FD25 /* Simple.swift */ = {isa = PBXFileReference; lastKnownFileType = sourcecode.swift; path = Simple.swift; sourceTree = "<group>"; };
		CE9562B32B6ACC1F00A5FD25 /* SecondViewController.swift */ = {isa = PBXFileReference; lastKnownFileType = sourcecode.swift; path = SecondViewController.swift; sourceTree = "<group>"; };
/* End PBXFileReference section */

/* Begin PBXFrameworksBuildPhase section */
		CE95628A2B6AA01200A5FD25 /* Frameworks */ = {
			isa = PBXFrameworksBuildPhase;
			buildActionMask = 2147483647;
			files = (
				CE9562A92B6AA42400A5FD25 /* SnapKit in Frameworks */,
			);
			runOnlyForDeploymentPostprocessing = 0;
		};
/* End PBXFrameworksBuildPhase section */

/* Begin PBXGroup section */
		CE9562842B6AA01200A5FD25 = {
			isa = PBXGroup;
			children = (
				CE95628F2B6AA01200A5FD25 /* HW4.6UICollectionView */,
				CE95628E2B6AA01200A5FD25 /* Products */,
			);
			sourceTree = "<group>";
		};
		CE95628E2B6AA01200A5FD25 /* Products */ = {
			isa = PBXGroup;
			children = (
				CE95628D2B6AA01200A5FD25 /* HW4.6UICollectionView.app */,
			);
			name = Products;
			sourceTree = "<group>";
		};
		CE95628F2B6AA01200A5FD25 /* HW4.6UICollectionView */ = {
			isa = PBXGroup;
			children = (
				CE9562A62B6AA04D00A5FD25 /* Common */,
				CE9562A52B6AA04200A5FD25 /* AppDelegate */,
				CE9562A42B6AA03600A5FD25 /* Resourse */,
				CE95629E2B6AA01300A5FD25 /* Info.plist */,
			);
			path = HW4.6UICollectionView;
			sourceTree = "<group>";
		};
		CE9562A42B6AA03600A5FD25 /* Resourse */ = {
			isa = PBXGroup;
			children = (
				CE95629B2B6AA01300A5FD25 /* LaunchScreen.storyboard */,
				CE9562992B6AA01300A5FD25 /* Assets.xcassets */,
			);
			path = Resourse;
			sourceTree = "<group>";
		};
		CE9562A52B6AA04200A5FD25 /* AppDelegate */ = {
			isa = PBXGroup;
			children = (
				CE9562922B6AA01200A5FD25 /* SceneDelegate.swift */,
				CE9562902B6AA01200A5FD25 /* AppDelegate.swift */,
			);
			path = AppDelegate;
			sourceTree = "<group>";
		};
		CE9562A62B6AA04D00A5FD25 /* Common */ = {
			isa = PBXGroup;
			children = (
				CE9562B02B6ABA2C00A5FD25 /* Simple */,
				CE9562AD2B6AB03C00A5FD25 /* CustomCV */,
				CE9562AA2B6AA92100A5FD25 /* MakerView */,
				CE9562942B6AA01200A5FD25 /* ViewController.swift */,
				CE9562B32B6ACC1F00A5FD25 /* SecondViewController.swift */,
			);
			path = Common;
			sourceTree = "<group>";
		};
		CE9562AA2B6AA92100A5FD25 /* MakerView */ = {
			isa = PBXGroup;
			children = (
				CE9562AB2B6AA93300A5FD25 /* MakerView.swift */,
			);
			path = MakerView;
			sourceTree = "<group>";
		};
		CE9562AD2B6AB03C00A5FD25 /* CustomCV */ = {
			isa = PBXGroup;
			children = (
				CE9562AE2B6AB06000A5FD25 /* CustomCollectionViewCell.swift */,
			);
			path = CustomCV;
			sourceTree = "<group>";
		};
		CE9562B02B6ABA2C00A5FD25 /* Simple */ = {
			isa = PBXGroup;
			children = (
				CE9562B12B6ABA3C00A5FD25 /* Simple.swift */,
			);
			path = Simple;
			sourceTree = "<group>";
		};
/* End PBXGroup section */

/* Begin PBXNativeTarget section */
		CE95628C2B6AA01200A5FD25 /* HW4.6UICollectionView */ = {
			isa = PBXNativeTarget;
			buildConfigurationList = CE9562A12B6AA01300A5FD25 /* Build configuration list for PBXNativeTarget "HW4.6UICollectionView" */;
			buildPhases = (
				CE9562892B6AA01200A5FD25 /* Sources */,
				CE95628A2B6AA01200A5FD25 /* Frameworks */,
				CE95628B2B6AA01200A5FD25 /* Resources */,
			);
			buildRules = (
			);
			dependencies = (
			);
			name = HW4.6UICollectionView;
			packageProductDependencies = (
				CE9562A82B6AA42400A5FD25 /* SnapKit */,
			);
			productName = HW4.6UICollectionView;
			productReference = CE95628D2B6AA01200A5FD25 /* HW4.6UICollectionView.app */;
			productType = "com.apple.product-type.application";
		};
/* End PBXNativeTarget section */

/* Begin PBXProject section */
		CE9562852B6AA01200A5FD25 /* Project object */ = {
			isa = PBXProject;
			attributes = {
				BuildIndependentTargetsInParallel = 1;
				LastSwiftUpdateCheck = 1410;
				LastUpgradeCheck = 1410;
				TargetAttributes = {
					CE95628C2B6AA01200A5FD25 = {
						CreatedOnToolsVersion = 14.1;
					};
				};
			};
			buildConfigurationList = CE9562882B6AA01200A5FD25 /* Build configuration list for PBXProject "HW4.6UICollectionView" */;
			compatibilityVersion = "Xcode 14.0";
			developmentRegion = en;
			hasScannedForEncodings = 0;
			knownRegions = (
				en,
				Base,
			);
			mainGroup = CE9562842B6AA01200A5FD25;
			packageReferences = (
				CE9562A72B6AA42400A5FD25 /* XCRemoteSwiftPackageReference "SnapKit" */,
			);
			productRefGroup = CE95628E2B6AA01200A5FD25 /* Products */;
			projectDirPath = "";
			projectRoot = "";
			targets = (
				CE95628C2B6AA01200A5FD25 /* HW4.6UICollectionView */,
			);
		};
/* End PBXProject section */

/* Begin PBXResourcesBuildPhase section */
		CE95628B2B6AA01200A5FD25 /* Resources */ = {
			isa = PBXResourcesBuildPhase;
			buildActionMask = 2147483647;
			files = (
				CE95629D2B6AA01300A5FD25 /* LaunchScreen.storyboard in Resources */,
				CE95629A2B6AA01300A5FD25 /* Assets.xcassets in Resources */,
			);
			runOnlyForDeploymentPostprocessing = 0;
		};
/* End PBXResourcesBuildPhase section */

/* Begin PBXSourcesBuildPhase section */
		CE9562892B6AA01200A5FD25 /* Sources */ = {
			isa = PBXSourcesBuildPhase;
			buildActionMask = 2147483647;
			files = (
				CE9562952B6AA01200A5FD25 /* ViewController.swift in Sources */,
				CE9562AF2B6AB06000A5FD25 /* CustomCollectionViewCell.swift in Sources */,
				CE9562AC2B6AA93300A5FD25 /* MakerView.swift in Sources */,
				CE9562912B6AA01200A5FD25 /* AppDelegate.swift in Sources */,
				CE9562B42B6ACC1F00A5FD25 /* SecondViewController.swift in Sources */,
				CE9562932B6AA01200A5FD25 /* SceneDelegate.swift in Sources */,
				CE9562B22B6ABA3C00A5FD25 /* Simple.swift in Sources */,
			);
			runOnlyForDeploymentPostprocessing = 0;
		};
/* End PBXSourcesBuildPhase section */

/* Begin PBXVariantGroup section */
		CE95629B2B6AA01300A5FD25 /* LaunchScreen.storyboard */ = {
			isa = PBXVariantGroup;
			children = (
				CE95629C2B6AA01300A5FD25 /* Base */,
			);
			name = LaunchScreen.storyboard;
			sourceTree = "<group>";
		};
/* End PBXVariantGroup section */

/* Begin XCBuildConfiguration section */
		CE95629F2B6AA01300A5FD25 /* Debug */ = {
			isa = XCBuildConfiguration;
			buildSettings = {
				ALWAYS_SEARCH_USER_PATHS = NO;
				CLANG_ANALYZER_NONNULL = YES;
				CLANG_ANALYZER_NUMBER_OBJECT_CONVERSION = YES_AGGRESSIVE;
				CLANG_CXX_LANGUAGE_STANDARD = "gnu++20";
				CLANG_ENABLE_MODULES = YES;
				CLANG_ENABLE_OBJC_ARC = YES;
				CLANG_ENABLE_OBJC_WEAK = YES;
				CLANG_WARN_BLOCK_CAPTURE_AUTORELEASING = YES;
				CLANG_WARN_BOOL_CONVERSION = YES;
				CLANG_WARN_COMMA = YES;
				CLANG_WARN_CONSTANT_CONVERSION = YES;
				CLANG_WARN_DEPRECATED_OBJC_IMPLEMENTATIONS = YES;
				CLANG_WARN_DIRECT_OBJC_ISA_USAGE = YES_ERROR;
				CLANG_WARN_DOCUMENTATION_COMMENTS = YES;
				CLANG_WARN_EMPTY_BODY = YES;
				CLANG_WARN_ENUM_CONVERSION = YES;
				CLANG_WARN_INFINITE_RECURSION = YES;
				CLANG_WARN_INT_CONVERSION = YES;
				CLANG_WARN_NON_LITERAL_NULL_CONVERSION = YES;
				CLANG_WARN_OBJC_IMPLICIT_RETAIN_SELF = YES;
				CLANG_WARN_OBJC_LITERAL_CONVERSION = YES;
				CLANG_WARN_OBJC_ROOT_CLASS = YES_ERROR;
				CLANG_WARN_QUOTED_INCLUDE_IN_FRAMEWORK_HEADER = YES;
				CLANG_WARN_RANGE_LOOP_ANALYSIS = YES;
				CLANG_WARN_STRICT_PROTOTYPES = YES;
				CLANG_WARN_SUSPICIOUS_MOVE = YES;
				CLANG_WARN_UNGUARDED_AVAILABILITY = YES_AGGRESSIVE;
				CLANG_WARN_UNREACHABLE_CODE = YES;
				CLANG_WARN__DUPLICATE_METHOD_MATCH = YES;
				COPY_PHASE_STRIP = NO;
				DEBUG_INFORMATION_FORMAT = dwarf;
				ENABLE_STRICT_OBJC_MSGSEND = YES;
				ENABLE_TESTABILITY = YES;
				GCC_C_LANGUAGE_STANDARD = gnu11;
				GCC_DYNAMIC_NO_PIC = NO;
				GCC_NO_COMMON_BLOCKS = YES;
				GCC_OPTIMIZATION_LEVEL = 0;
				GCC_PREPROCESSOR_DEFINITIONS = (
					"DEBUG=1",
					"$(inherited)",
				);
				GCC_WARN_64_TO_32_BIT_CONVERSION = YES;
				GCC_WARN_ABOUT_RETURN_TYPE = YES_ERROR;
				GCC_WARN_UNDECLARED_SELECTOR = YES;
				GCC_WARN_UNINITIALIZED_AUTOS = YES_AGGRESSIVE;
				GCC_WARN_UNUSED_FUNCTION = YES;
				GCC_WARN_UNUSED_VARIABLE = YES;
				IPHONEOS_DEPLOYMENT_TARGET = 16.1;
				MTL_ENABLE_DEBUG_INFO = INCLUDE_SOURCE;
				MTL_FAST_MATH = YES;
				ONLY_ACTIVE_ARCH = YES;
				SDKROOT = iphoneos;
				SWIFT_ACTIVE_COMPILATION_CONDITIONS = DEBUG;
				SWIFT_OPTIMIZATION_LEVEL = "-Onone";
			};
			name = Debug;
		};
		CE9562A02B6AA01300A5FD25 /* Release */ = {
			isa = XCBuildConfiguration;
			buildSettings = {
				ALWAYS_SEARCH_USER_PATHS = NO;
				CLANG_ANALYZER_NONNULL = YES;
				CLANG_ANALYZER_NUMBER_OBJECT_CONVERSION = YES_AGGRESSIVE;
				CLANG_CXX_LANGUAGE_STANDARD = "gnu++20";
				CLANG_ENABLE_MODULES = YES;
				CLANG_ENABLE_OBJC_ARC = YES;
				CLANG_ENABLE_OBJC_WEAK = YES;
				CLANG_WARN_BLOCK_CAPTURE_AUTORELEASING = YES;
				CLANG_WARN_BOOL_CONVERSION = YES;
				CLANG_WARN_COMMA = YES;
				CLANG_WARN_CONSTANT_CONVERSION = YES;
				CLANG_WARN_DEPRECATED_OBJC_IMPLEMENTATIONS = YES;
				CLANG_WARN_DIRECT_OBJC_ISA_USAGE = YES_ERROR;
				CLANG_WARN_DOCUMENTATION_COMMENTS = YES;
				CLANG_WARN_EMPTY_BODY = YES;
				CLANG_WARN_ENUM_CONVERSION = YES;
				CLANG_WARN_INFINITE_RECURSION = YES;
				CLANG_WARN_INT_CONVERSION = YES;
				CLANG_WARN_NON_LITERAL_NULL_CONVERSION = YES;
				CLANG_WARN_OBJC_IMPLICIT_RETAIN_SELF = YES;
				CLANG_WARN_OBJC_LITERAL_CONVERSION = YES;
				CLANG_WARN_OBJC_ROOT_CLASS = YES_ERROR;
				CLANG_WARN_QUOTED_INCLUDE_IN_FRAMEWORK_HEADER = YES;
				CLANG_WARN_RANGE_LOOP_ANALYSIS = YES;
				CLANG_WARN_STRICT_PROTOTYPES = YES;
				CLANG_WARN_SUSPICIOUS_MOVE = YES;
				CLANG_WARN_UNGUARDED_AVAILABILITY = YES_AGGRESSIVE;
				CLANG_WARN_UNREACHABLE_CODE = YES;
				CLANG_WARN__DUPLICATE_METHOD_MATCH = YES;
				COPY_PHASE_STRIP = NO;
				DEBUG_INFORMATION_FORMAT = "dwarf-with-dsym";
				ENABLE_NS_ASSERTIONS = NO;
				ENABLE_STRICT_OBJC_MSGSEND = YES;
				GCC_C_LANGUAGE_STANDARD = gnu11;
				GCC_NO_COMMON_BLOCKS = YES;
				GCC_WARN_64_TO_32_BIT_CONVERSION = YES;
				GCC_WARN_ABOUT_RETURN_TYPE = YES_ERROR;
				GCC_WARN_UNDECLARED_SELECTOR = YES;
				GCC_WARN_UNINITIALIZED_AUTOS = YES_AGGRESSIVE;
				GCC_WARN_UNUSED_FUNCTION = YES;
				GCC_WARN_UNUSED_VARIABLE = YES;
				IPHONEOS_DEPLOYMENT_TARGET = 16.1;
				MTL_ENABLE_DEBUG_INFO = NO;
				MTL_FAST_MATH = YES;
				SDKROOT = iphoneos;
				SWIFT_COMPILATION_MODE = wholemodule;
				SWIFT_OPTIMIZATION_LEVEL = "-O";
				VALIDATE_PRODUCT = YES;
			};
			name = Release;
		};
		CE9562A22B6AA01300A5FD25 /* Debug */ = {
			isa = XCBuildConfiguration;
			buildSettings = {
				ASSETCATALOG_COMPILER_APPICON_NAME = AppIcon;
				ASSETCATALOG_COMPILER_GLOBAL_ACCENT_COLOR_NAME = AccentColor;
				CODE_SIGN_STYLE = Automatic;
				CURRENT_PROJECT_VERSION = 1;
				GENERATE_INFOPLIST_FILE = YES;
				INFOPLIST_FILE = HW4.6UICollectionView/Info.plist;
				INFOPLIST_KEY_UIApplicationSupportsIndirectInputEvents = YES;
				INFOPLIST_KEY_UILaunchStoryboardName = LaunchScreen;
				INFOPLIST_KEY_UISupportedInterfaceOrientations_iPad = "UIInterfaceOrientationPortrait UIInterfaceOrientationPortraitUpsideDown UIInterfaceOrientationLandscapeLeft UIInterfaceOrientationLandscapeRight";
				INFOPLIST_KEY_UISupportedInterfaceOrientations_iPhone = "UIInterfaceOrientationPortrait UIInterfaceOrientationLandscapeLeft UIInterfaceOrientationLandscapeRight";
				LD_RUNPATH_SEARCH_PATHS = (
					"$(inherited)",
					"@executable_path/Frameworks",
				);
				MARKETING_VERSION = 1.0;
				PRODUCT_BUNDLE_IDENTIFIER = "com.alish.HW4-6UICollectionView";
				PRODUCT_NAME = "$(TARGET_NAME)";
				SWIFT_EMIT_LOC_STRINGS = YES;
				SWIFT_VERSION = 5.0;
				TARGETED_DEVICE_FAMILY = "1,2";
			};
			name = Debug;
		};
		CE9562A32B6AA01300A5FD25 /* Release */ = {
			isa = XCBuildConfiguration;
			buildSettings = {
				ASSETCATALOG_COMPILER_APPICON_NAME = AppIcon;
				ASSETCATALOG_COMPILER_GLOBAL_ACCENT_COLOR_NAME = AccentColor;
				CODE_SIGN_STYLE = Automatic;
				CURRENT_PROJECT_VERSION = 1;
				GENERATE_INFOPLIST_FILE = YES;
				INFOPLIST_FILE = HW4.6UICollectionView/Info.plist;
				INFOPLIST_KEY_UIApplicationSupportsIndirectInputEvents = YES;
				INFOPLIST_KEY_UILaunchStoryboardName = LaunchScreen;
				INFOPLIST_KEY_UISupportedInterfaceOrientations_iPad = "UIInterfaceOrientationPortrait UIInterfaceOrientationPortraitUpsideDown UIInterfaceOrientationLandscapeLeft UIInterfaceOrientationLandscapeRight";
				INFOPLIST_KEY_UISupportedInterfaceOrientations_iPhone = "UIInterfaceOrientationPortrait UIInterfaceOrientationLandscapeLeft UIInterfaceOrientationLandscapeRight";
				LD_RUNPATH_SEARCH_PATHS = (
					"$(inherited)",
					"@executable_path/Frameworks",
				);
				MARKETING_VERSION = 1.0;
				PRODUCT_BUNDLE_IDENTIFIER = "com.alish.HW4-6UICollectionView";
				PRODUCT_NAME = "$(TARGET_NAME)";
				SWIFT_EMIT_LOC_STRINGS = YES;
				SWIFT_VERSION = 5.0;
				TARGETED_DEVICE_FAMILY = "1,2";
			};
			name = Release;
		};
/* End XCBuildConfiguration section */

/* Begin XCConfigurationList section */
		CE9562882B6AA01200A5FD25 /* Build configuration list for PBXProject "HW4.6UICollectionView" */ = {
			isa = XCConfigurationList;
			buildConfigurations = (
				CE95629F2B6AA01300A5FD25 /* Debug */,
				CE9562A02B6AA01300A5FD25 /* Release */,
			);
			defaultConfigurationIsVisible = 0;
			defaultConfigurationName = Release;
		};
		CE9562A12B6AA01300A5FD25 /* Build configuration list for PBXNativeTarget "HW4.6UICollectionView" */ = {
			isa = XCConfigurationList;
			buildConfigurations = (
				CE9562A22B6AA01300A5FD25 /* Debug */,
				CE9562A32B6AA01300A5FD25 /* Release */,
			);
			defaultConfigurationIsVisible = 0;
			defaultConfigurationName = Release;
		};
/* End XCConfigurationList section */

/* Begin XCRemoteSwiftPackageReference section */
		CE9562A72B6AA42400A5FD25 /* XCRemoteSwiftPackageReference "SnapKit" */ = {
			isa = XCRemoteSwiftPackageReference;
			repositoryURL = "https://github.com/SnapKit/SnapKit.git";
			requirement = {
				kind = versionRange;
				maximumVersion = 6.0.0;
				minimumVersion = 5.0.0;
			};
		};
/* End XCRemoteSwiftPackageReference section */

/* Begin XCSwiftPackageProductDependency section */
		CE9562A82B6AA42400A5FD25 /* SnapKit */ = {
			isa = XCSwiftPackageProductDependency;
			package = CE9562A72B6AA42400A5FD25 /* XCRemoteSwiftPackageReference "SnapKit" */;
			productName = SnapKit;
		};
/* End XCSwiftPackageProductDependency section */
	};
	rootObject = CE9562852B6AA01200A5FD25 /* Project object */;
}
